// !$*UTF8*$!
{
	archiveVersion = 1;
	classes = {
	};
	objectVersion = 56;
	objects = {

/* Begin PBXBuildFile section */
		46807D572B9F14940066BC73 /* ProfileViewController.swift in Sources */ = {isa = PBXBuildFile; fileRef = 46807D562B9F14940066BC73 /* ProfileViewController.swift */; };
		46807D592B9F15000066BC73 /* Profile.swift in Sources */ = {isa = PBXBuildFile; fileRef = 46807D582B9F15000066BC73 /* Profile.swift */; };
		469D2E2B2BA03C08002E3E61 /* History.swift in Sources */ = {isa = PBXBuildFile; fileRef = 469D2E2A2BA03C08002E3E61 /* History.swift */; };
		469D2E2D2BA03CF3002E3E61 /* HistoryTableViewController.swift in Sources */ = {isa = PBXBuildFile; fileRef = 469D2E2C2BA03CF3002E3E61 /* HistoryTableViewController.swift */; };
		469D2E2F2BA043A9002E3E61 /* DetailViewController.swift in Sources */ = {isa = PBXBuildFile; fileRef = 469D2E2E2BA043A9002E3E61 /* DetailViewController.swift */; };
		9B4C8F9F2B9F16E300433448 /* HomeViewController.swift in Sources */ = {isa = PBXBuildFile; fileRef = 9B4C8F9E2B9F16E300433448 /* HomeViewController.swift */; };
		9B4C8FA12B9F199900433448 /* ProfileViewController.swift in Sources */ = {isa = PBXBuildFile; fileRef = 9B4C8FA02B9F199900433448 /* ProfileViewController.swift */; };
		9B4C8FA62B9F883D00433448 /* FuelListViewController.swift in Sources */ = {isa = PBXBuildFile; fileRef = 9B4C8FA52B9F883D00433448 /* FuelListViewController.swift */; };
		9B4C8FA92B9FAC8A00433448 /* TyreListViewController.swift in Sources */ = {isa = PBXBuildFile; fileRef = 9B4C8FA82B9FAC8A00433448 /* TyreListViewController.swift */; };
		9B4C8FAB2B9FAD6D00433448 /* ServiceListViewController.swift in Sources */ = {isa = PBXBuildFile; fileRef = 9B4C8FAA2B9FAD6D00433448 /* ServiceListViewController.swift */; };
		D257E21B2BA07E670079B761 /* Token.swift in Sources */ = {isa = PBXBuildFile; fileRef = D257E2182BA07E670079B761 /* Token.swift */; };
		D257E21C2BA07E670079B761 /* UserModel.swift in Sources */ = {isa = PBXBuildFile; fileRef = D257E2192BA07E670079B761 /* UserModel.swift */; };
		D257E21D2BA07E670079B761 /* RequestModel.swift in Sources */ = {isa = PBXBuildFile; fileRef = D257E21A2BA07E670079B761 /* RequestModel.swift */; };
		D2A6E73A2B9EF02100F38987 /* AppDelegate.swift in Sources */ = {isa = PBXBuildFile; fileRef = D2A6E7392B9EF02100F38987 /* AppDelegate.swift */; };
		D2A6E73C2B9EF02100F38987 /* SceneDelegate.swift in Sources */ = {isa = PBXBuildFile; fileRef = D2A6E73B2B9EF02100F38987 /* SceneDelegate.swift */; };
		D2A6E73E2B9EF02100F38987 /* MainTabBarController.swift in Sources */ = {isa = PBXBuildFile; fileRef = D2A6E73D2B9EF02100F38987 /* MainTabBarController.swift */; };
		D2A6E7432B9EF02200F38987 /* Assets.xcassets in Resources */ = {isa = PBXBuildFile; fileRef = D2A6E7422B9EF02200F38987 /* Assets.xcassets */; };
		D2A6E7462B9EF02200F38987 /* LaunchScreen.storyboard in Resources */ = {isa = PBXBuildFile; fileRef = D2A6E7442B9EF02200F38987 /* LaunchScreen.storyboard */; };
		D2A6E74F2B9EF02D00F38987 /* SnapKit in Frameworks */ = {isa = PBXBuildFile; productRef = D2A6E74E2B9EF02D00F38987 /* SnapKit */; };
		D2A6E7512B9EF02D00F38987 /* SnapKit-Dynamic in Frameworks */ = {isa = PBXBuildFile; productRef = D2A6E7502B9EF02D00F38987 /* SnapKit-Dynamic */; };
		D2A6E7542B9EF03A00F38987 /* Kingfisher in Frameworks */ = {isa = PBXBuildFile; productRef = D2A6E7532B9EF03A00F38987 /* Kingfisher */; };
		D2A6E7572B9EF04500F38987 /* Eureka in Frameworks */ = {isa = PBXBuildFile; productRef = D2A6E7562B9EF04500F38987 /* Eureka */; };
		D2A6E75A2B9EF04F00F38987 /* Alamofire in Frameworks */ = {isa = PBXBuildFile; productRef = D2A6E7592B9EF04F00F38987 /* Alamofire */; };
		D2A6E75C2B9EF04F00F38987 /* AlamofireDynamic in Frameworks */ = {isa = PBXBuildFile; productRef = D2A6E75B2B9EF04F00F38987 /* AlamofireDynamic */; };
		D2A6E7652B9EFFAF00F38987 /* NetworkManger.swift in Sources */ = {isa = PBXBuildFile; fileRef = D2A6E7642B9EFFAF00F38987 /* NetworkManger.swift */; };
		D2A6E7692B9F10CC00F38987 /* SignInViewController.swift in Sources */ = {isa = PBXBuildFile; fileRef = D2A6E7682B9F10CC00F38987 /* SignInViewController.swift */; };
		D2A6E7762BA0533400F38987 /* SignUpViewController.swift in Sources */ = {isa = PBXBuildFile; fileRef = D2A6E7742BA0533400F38987 /* SignUpViewController.swift */; };
		D2A6E7772BA0533400F38987 /* RequestPageViewController.swift in Sources */ = {isa = PBXBuildFile; fileRef = D2A6E7752BA0533400F38987 /* RequestPageViewController.swift */; };
		D2A6E7792BA05F6C00F38987 /* WelcomeScreenViewController.swift in Sources */ = {isa = PBXBuildFile; fileRef = D2A6E7782BA05F6C00F38987 /* WelcomeScreenViewController.swift */; };
/* End PBXBuildFile section */

/* Begin PBXFileReference section */
		46807D562B9F14940066BC73 /* ProfileViewController.swift */ = {isa = PBXFileReference; lastKnownFileType = sourcecode.swift; path = ProfileViewController.swift; sourceTree = "<group>"; };
		46807D582B9F15000066BC73 /* Profile.swift */ = {isa = PBXFileReference; lastKnownFileType = sourcecode.swift; name = Profile.swift; path = FuelAndServices/Models/Profile.swift; sourceTree = SOURCE_ROOT; };
		469D2E2A2BA03C08002E3E61 /* History.swift */ = {isa = PBXFileReference; lastKnownFileType = sourcecode.swift; path = History.swift; sourceTree = "<group>"; };
		469D2E2C2BA03CF3002E3E61 /* HistoryTableViewController.swift */ = {isa = PBXFileReference; lastKnownFileType = sourcecode.swift; path = HistoryTableViewController.swift; sourceTree = "<group>"; };
		469D2E2E2BA043A9002E3E61 /* DetailViewController.swift */ = {isa = PBXFileReference; lastKnownFileType = sourcecode.swift; path = DetailViewController.swift; sourceTree = "<group>"; };
		9B4C8F9E2B9F16E300433448 /* HomeViewController.swift */ = {isa = PBXFileReference; lastKnownFileType = sourcecode.swift; path = HomeViewController.swift; sourceTree = "<group>"; };
		9B4C8FA02B9F199900433448 /* ProfileViewController.swift */ = {isa = PBXFileReference; lastKnownFileType = sourcecode.swift; path = ProfileViewController.swift; sourceTree = "<group>"; };
		9B4C8FA52B9F883D00433448 /* FuelListViewController.swift */ = {isa = PBXFileReference; lastKnownFileType = sourcecode.swift; path = FuelListViewController.swift; sourceTree = "<group>"; };
		9B4C8FA82B9FAC8A00433448 /* TyreListViewController.swift */ = {isa = PBXFileReference; lastKnownFileType = sourcecode.swift; path = TyreListViewController.swift; sourceTree = "<group>"; };
		9B4C8FAA2B9FAD6D00433448 /* ServiceListViewController.swift */ = {isa = PBXFileReference; lastKnownFileType = sourcecode.swift; path = ServiceListViewController.swift; sourceTree = "<group>"; };
		D257E2182BA07E670079B761 /* Token.swift */ = {isa = PBXFileReference; fileEncoding = 4; lastKnownFileType = sourcecode.swift; path = Token.swift; sourceTree = "<group>"; };
		D257E2192BA07E670079B761 /* UserModel.swift */ = {isa = PBXFileReference; fileEncoding = 4; lastKnownFileType = sourcecode.swift; path = UserModel.swift; sourceTree = "<group>"; };
		D257E21A2BA07E670079B761 /* RequestModel.swift */ = {isa = PBXFileReference; fileEncoding = 4; lastKnownFileType = sourcecode.swift; path = RequestModel.swift; sourceTree = "<group>"; };
		D2A6E7362B9EF02100F38987 /* FuelAndServices.app */ = {isa = PBXFileReference; explicitFileType = wrapper.application; includeInIndex = 0; path = FuelAndServices.app; sourceTree = BUILT_PRODUCTS_DIR; };
		D2A6E7392B9EF02100F38987 /* AppDelegate.swift */ = {isa = PBXFileReference; lastKnownFileType = sourcecode.swift; path = AppDelegate.swift; sourceTree = "<group>"; };
		D2A6E73B2B9EF02100F38987 /* SceneDelegate.swift */ = {isa = PBXFileReference; lastKnownFileType = sourcecode.swift; path = SceneDelegate.swift; sourceTree = "<group>"; };
		D2A6E73D2B9EF02100F38987 /* MainTabBarController.swift */ = {isa = PBXFileReference; lastKnownFileType = sourcecode.swift; path = MainTabBarController.swift; sourceTree = "<group>"; };
		D2A6E7422B9EF02200F38987 /* Assets.xcassets */ = {isa = PBXFileReference; lastKnownFileType = folder.assetcatalog; path = Assets.xcassets; sourceTree = "<group>"; };
		D2A6E7452B9EF02200F38987 /* Base */ = {isa = PBXFileReference; lastKnownFileType = file.storyboard; name = Base; path = Base.lproj/LaunchScreen.storyboard; sourceTree = "<group>"; };
		D2A6E7472B9EF02200F38987 /* Info.plist */ = {isa = PBXFileReference; lastKnownFileType = text.plist.xml; path = Info.plist; sourceTree = "<group>"; };
		D2A6E7642B9EFFAF00F38987 /* NetworkManger.swift */ = {isa = PBXFileReference; lastKnownFileType = sourcecode.swift; path = NetworkManger.swift; sourceTree = "<group>"; };
		D2A6E7682B9F10CC00F38987 /* SignInViewController.swift */ = {isa = PBXFileReference; lastKnownFileType = sourcecode.swift; path = SignInViewController.swift; sourceTree = "<group>"; };
		D2A6E7742BA0533400F38987 /* SignUpViewController.swift */ = {isa = PBXFileReference; fileEncoding = 4; lastKnownFileType = sourcecode.swift; path = SignUpViewController.swift; sourceTree = "<group>"; };
		D2A6E7752BA0533400F38987 /* RequestPageViewController.swift */ = {isa = PBXFileReference; fileEncoding = 4; lastKnownFileType = sourcecode.swift; path = RequestPageViewController.swift; sourceTree = "<group>"; };
		D2A6E7782BA05F6C00F38987 /* WelcomeScreenViewController.swift */ = {isa = PBXFileReference; lastKnownFileType = sourcecode.swift; path = WelcomeScreenViewController.swift; sourceTree = "<group>"; };
/* End PBXFileReference section */

/* Begin PBXFrameworksBuildPhase section */
		D2A6E7332B9EF02100F38987 /* Frameworks */ = {
			isa = PBXFrameworksBuildPhase;
			buildActionMask = 2147483647;
			files = (
				D2A6E75A2B9EF04F00F38987 /* Alamofire in Frameworks */,
				D2A6E75C2B9EF04F00F38987 /* AlamofireDynamic in Frameworks */,
				D2A6E7542B9EF03A00F38987 /* Kingfisher in Frameworks */,
				D2A6E74F2B9EF02D00F38987 /* SnapKit in Frameworks */,
				D2A6E7512B9EF02D00F38987 /* SnapKit-Dynamic in Frameworks */,
				D2A6E7572B9EF04500F38987 /* Eureka in Frameworks */,
			);
			runOnlyForDeploymentPostprocessing = 0;
		};
/* End PBXFrameworksBuildPhase section */

/* Begin PBXGroup section */
		469D2E292BA03BD7002E3E61 /* Models */ = {
			isa = PBXGroup;
			children = (
				D257E21A2BA07E670079B761 /* RequestModel.swift */,
				D257E2182BA07E670079B761 /* Token.swift */,
				D257E2192BA07E670079B761 /* UserModel.swift */,
				46807D582B9F15000066BC73 /* Profile.swift */,
				469D2E2A2BA03C08002E3E61 /* History.swift */,
			);
			path = Models;
			sourceTree = "<group>";
		};
		D257E2172BA07D150079B761 /* Recovered References */ = {
			isa = PBXGroup;
			children = (
			);
			name = "Recovered References";
			sourceTree = "<group>";
		};
		D2A6E72D2B9EF02100F38987 = {
			isa = PBXGroup;
			children = (
				D2A6E7382B9EF02100F38987 /* FuelAndServices */,
				D2A6E7372B9EF02100F38987 /* Products */,
				D257E2172BA07D150079B761 /* Recovered References */,
			);
			sourceTree = "<group>";
		};
		D2A6E7372B9EF02100F38987 /* Products */ = {
			isa = PBXGroup;
			children = (
				D2A6E7362B9EF02100F38987 /* FuelAndServices.app */,
			);
			name = Products;
			sourceTree = "<group>";
		};
		D2A6E7382B9EF02100F38987 /* FuelAndServices */ = {
			isa = PBXGroup;
			children = (
				469D2E292BA03BD7002E3E61 /* Models */,
				D2A6E7632B9EFE1900F38987 /* Supportings */,
				D2A6E7622B9EFE0400F38987 /* Helpers */,
				D2A6E7612B9EFDF600F38987 /* NetworkClass */,
				D2A6E75F2B9EF95100F38987 /* VCs */,
				D2A6E7422B9EF02200F38987 /* Assets.xcassets */,
				D2A6E7442B9EF02200F38987 /* LaunchScreen.storyboard */,
				D2A6E7472B9EF02200F38987 /* Info.plist */,
			);
			path = FuelAndServices;
			sourceTree = "<group>";
		};
		D2A6E75F2B9EF95100F38987 /* VCs */ = {
			isa = PBXGroup;
			children = (
				D2A6E7782BA05F6C00F38987 /* WelcomeScreenViewController.swift */,
				D2A6E7742BA0533400F38987 /* SignUpViewController.swift */,
				D2A6E7682B9F10CC00F38987 /* SignInViewController.swift */,
				9B4C8F9E2B9F16E300433448 /* HomeViewController.swift */,
				D2A6E73D2B9EF02100F38987 /* MainTabBarController.swift */,
				9B4C8FAA2B9FAD6D00433448 /* ServiceListViewController.swift */,
				9B4C8FA82B9FAC8A00433448 /* TyreListViewController.swift */,
				9B4C8FA52B9F883D00433448 /* FuelListViewController.swift */,
				46807D562B9F14940066BC73 /* ProfileViewController.swift */,
				469D2E2C2BA03CF3002E3E61 /* HistoryTableViewController.swift */,
				469D2E2E2BA043A9002E3E61 /* DetailViewController.swift */,
				9B4C8FA02B9F199900433448 /* ProfileViewController.swift */,
				D2A6E7752BA0533400F38987 /* RequestPageViewController.swift */,
			);
			path = VCs;
			sourceTree = "<group>";
		};
		D2A6E7612B9EFDF600F38987 /* NetworkClass */ = {
			isa = PBXGroup;
			children = (
				D2A6E7642B9EFFAF00F38987 /* NetworkManger.swift */,
			);
			path = NetworkClass;
			sourceTree = "<group>";
		};
		D2A6E7622B9EFE0400F38987 /* Helpers */ = {
			isa = PBXGroup;
			children = (
			);
			path = Helpers;
			sourceTree = "<group>";
		};
		D2A6E7632B9EFE1900F38987 /* Supportings */ = {
			isa = PBXGroup;
			children = (
				D2A6E73B2B9EF02100F38987 /* SceneDelegate.swift */,
				D2A6E7392B9EF02100F38987 /* AppDelegate.swift */,
			);
			path = Supportings;
			sourceTree = "<group>";
		};
/* End PBXGroup section */

/* Begin PBXNativeTarget section */
		D2A6E7352B9EF02100F38987 /* FuelAndServices */ = {
			isa = PBXNativeTarget;
			buildConfigurationList = D2A6E74A2B9EF02200F38987 /* Build configuration list for PBXNativeTarget "FuelAndServices" */;
			buildPhases = (
				D2A6E7322B9EF02100F38987 /* Sources */,
				D2A6E7332B9EF02100F38987 /* Frameworks */,
				D2A6E7342B9EF02100F38987 /* Resources */,
			);
			buildRules = (
			);
			dependencies = (
			);
			name = FuelAndServices;
			packageProductDependencies = (
				D2A6E74E2B9EF02D00F38987 /* SnapKit */,
				D2A6E7502B9EF02D00F38987 /* SnapKit-Dynamic */,
				D2A6E7532B9EF03A00F38987 /* Kingfisher */,
				D2A6E7562B9EF04500F38987 /* Eureka */,
				D2A6E7592B9EF04F00F38987 /* Alamofire */,
				D2A6E75B2B9EF04F00F38987 /* AlamofireDynamic */,
			);
			productName = FuelAndServices;
			productReference = D2A6E7362B9EF02100F38987 /* FuelAndServices.app */;
			productType = "com.apple.product-type.application";
		};
/* End PBXNativeTarget section */

/* Begin PBXProject section */
		D2A6E72E2B9EF02100F38987 /* Project object */ = {
			isa = PBXProject;
			attributes = {
				BuildIndependentTargetsInParallel = 1;
				LastSwiftUpdateCheck = 1520;
				LastUpgradeCheck = 1520;
				TargetAttributes = {
					D2A6E7352B9EF02100F38987 = {
						CreatedOnToolsVersion = 15.2;
					};
				};
			};
			buildConfigurationList = D2A6E7312B9EF02100F38987 /* Build configuration list for PBXProject "FuelAndServices" */;
			compatibilityVersion = "Xcode 14.0";
			developmentRegion = en;
			hasScannedForEncodings = 0;
			knownRegions = (
				en,
				Base,
			);
			mainGroup = D2A6E72D2B9EF02100F38987;
			packageReferences = (
				D2A6E74D2B9EF02D00F38987 /* XCRemoteSwiftPackageReference "SnapKit" */,
				D2A6E7522B9EF03A00F38987 /* XCRemoteSwiftPackageReference "Kingfisher" */,
				D2A6E7552B9EF04500F38987 /* XCRemoteSwiftPackageReference "Eureka" */,
				D2A6E7582B9EF04F00F38987 /* XCRemoteSwiftPackageReference "Alamofire" */,
			);
			productRefGroup = D2A6E7372B9EF02100F38987 /* Products */;
			projectDirPath = "";
			projectRoot = "";
			targets = (
				D2A6E7352B9EF02100F38987 /* FuelAndServices */,
			);
		};
/* End PBXProject section */

/* Begin PBXResourcesBuildPhase section */
		D2A6E7342B9EF02100F38987 /* Resources */ = {
			isa = PBXResourcesBuildPhase;
			buildActionMask = 2147483647;
			files = (
				D2A6E7462B9EF02200F38987 /* LaunchScreen.storyboard in Resources */,
				D2A6E7432B9EF02200F38987 /* Assets.xcassets in Resources */,
			);
			runOnlyForDeploymentPostprocessing = 0;
		};
/* End PBXResourcesBuildPhase section */

/* Begin PBXSourcesBuildPhase section */
		D2A6E7322B9EF02100F38987 /* Sources */ = {
			isa = PBXSourcesBuildPhase;
			buildActionMask = 2147483647;
			files = (
				469D2E2F2BA043A9002E3E61 /* DetailViewController.swift in Sources */,
				D2A6E73E2B9EF02100F38987 /* MainTabBarController.swift in Sources */,
				46807D592B9F15000066BC73 /* Profile.swift in Sources */,
				D257E21C2BA07E670079B761 /* UserModel.swift in Sources */,
				469D2E2B2BA03C08002E3E61 /* History.swift in Sources */,
				D257E21D2BA07E670079B761 /* RequestModel.swift in Sources */,
				D2A6E73A2B9EF02100F38987 /* AppDelegate.swift in Sources */,
				D2A6E7762BA0533400F38987 /* SignUpViewController.swift in Sources */,
				D2A6E7692B9F10CC00F38987 /* SignInViewController.swift in Sources */,
				D2A6E7772BA0533400F38987 /* RequestPageViewController.swift in Sources */,
				46807D572B9F14940066BC73 /* ProfileViewController.swift in Sources */,
				D2A6E7652B9EFFAF00F38987 /* NetworkManger.swift in Sources */,
				9B4C8FAB2B9FAD6D00433448 /* ServiceListViewController.swift in Sources */,
				9B4C8FA12B9F199900433448 /* ProfileViewController.swift in Sources */,
				D2A6E73E2B9EF02100F38987 /* MainTabBarController.swift in Sources */,
				D257E21B2BA07E670079B761 /* Token.swift in Sources */,
				9B4C8FA92B9FAC8A00433448 /* TyreListViewController.swift in Sources */,
				D2A6E73A2B9EF02100F38987 /* AppDelegate.swift in Sources */,
				9B4C8F9F2B9F16E300433448 /* HomeViewController.swift in Sources */,
				D2A6E7652B9EFFAF00F38987 /* NetworkManger.swift in Sources */,
				9B4C8FA62B9F883D00433448 /* FuelListViewController.swift in Sources */,
				D2A6E7792BA05F6C00F38987 /* WelcomeScreenViewController.swift in Sources */,
				D2A6E7652B9EFFAF00F38987 /* NetworkManger.swift in Sources */,
				D2A6E73C2B9EF02100F38987 /* SceneDelegate.swift in Sources */,
				469D2E2D2BA03CF3002E3E61 /* HistoryTableViewController.swift in Sources */,
			);
			runOnlyForDeploymentPostprocessing = 0;
		};
/* End PBXSourcesBuildPhase section */

/* Begin PBXVariantGroup section */
		D2A6E7442B9EF02200F38987 /* LaunchScreen.storyboard */ = {
			isa = PBXVariantGroup;
			children = (
				D2A6E7452B9EF02200F38987 /* Base */,
			);
			name = LaunchScreen.storyboard;
			sourceTree = "<group>";
		};
/* End PBXVariantGroup section */

/* Begin XCBuildConfiguration section */
		D2A6E7482B9EF02200F38987 /* Debug */ = {
			isa = XCBuildConfiguration;
			buildSettings = {
				ALWAYS_SEARCH_USER_PATHS = NO;
				ASSETCATALOG_COMPILER_GENERATE_SWIFT_ASSET_SYMBOL_EXTENSIONS = YES;
				CLANG_ANALYZER_NONNULL = YES;
				CLANG_ANALYZER_NUMBER_OBJECT_CONVERSION = YES_AGGRESSIVE;
				CLANG_CXX_LANGUAGE_STANDARD = "gnu++20";
				CLANG_ENABLE_MODULES = YES;
				CLANG_ENABLE_OBJC_ARC = YES;
				CLANG_ENABLE_OBJC_WEAK = YES;
				CLANG_WARN_BLOCK_CAPTURE_AUTORELEASING = YES;
				CLANG_WARN_BOOL_CONVERSION = YES;
				CLANG_WARN_COMMA = YES;
				CLANG_WARN_CONSTANT_CONVERSION = YES;
				CLANG_WARN_DEPRECATED_OBJC_IMPLEMENTATIONS = YES;
				CLANG_WARN_DIRECT_OBJC_ISA_USAGE = YES_ERROR;
				CLANG_WARN_DOCUMENTATION_COMMENTS = YES;
				CLANG_WARN_EMPTY_BODY = YES;
				CLANG_WARN_ENUM_CONVERSION = YES;
				CLANG_WARN_INFINITE_RECURSION = YES;
				CLANG_WARN_INT_CONVERSION = YES;
				CLANG_WARN_NON_LITERAL_NULL_CONVERSION = YES;
				CLANG_WARN_OBJC_IMPLICIT_RETAIN_SELF = YES;
				CLANG_WARN_OBJC_LITERAL_CONVERSION = YES;
				CLANG_WARN_OBJC_ROOT_CLASS = YES_ERROR;
				CLANG_WARN_QUOTED_INCLUDE_IN_FRAMEWORK_HEADER = YES;
				CLANG_WARN_RANGE_LOOP_ANALYSIS = YES;
				CLANG_WARN_STRICT_PROTOTYPES = YES;
				CLANG_WARN_SUSPICIOUS_MOVE = YES;
				CLANG_WARN_UNGUARDED_AVAILABILITY = YES_AGGRESSIVE;
				CLANG_WARN_UNREACHABLE_CODE = YES;
				CLANG_WARN__DUPLICATE_METHOD_MATCH = YES;
				COPY_PHASE_STRIP = NO;
				DEBUG_INFORMATION_FORMAT = dwarf;
				ENABLE_STRICT_OBJC_MSGSEND = YES;
				ENABLE_TESTABILITY = YES;
				ENABLE_USER_SCRIPT_SANDBOXING = YES;
				GCC_C_LANGUAGE_STANDARD = gnu17;
				GCC_DYNAMIC_NO_PIC = NO;
				GCC_NO_COMMON_BLOCKS = YES;
				GCC_OPTIMIZATION_LEVEL = 0;
				GCC_PREPROCESSOR_DEFINITIONS = (
					"DEBUG=1",
					"$(inherited)",
				);
				GCC_WARN_64_TO_32_BIT_CONVERSION = YES;
				GCC_WARN_ABOUT_RETURN_TYPE = YES_ERROR;
				GCC_WARN_UNDECLARED_SELECTOR = YES;
				GCC_WARN_UNINITIALIZED_AUTOS = YES_AGGRESSIVE;
				GCC_WARN_UNUSED_FUNCTION = YES;
				GCC_WARN_UNUSED_VARIABLE = YES;
				IPHONEOS_DEPLOYMENT_TARGET = 17.2;
				LOCALIZATION_PREFERS_STRING_CATALOGS = YES;
				MTL_ENABLE_DEBUG_INFO = INCLUDE_SOURCE;
				MTL_FAST_MATH = YES;
				ONLY_ACTIVE_ARCH = YES;
				SDKROOT = iphoneos;
				SWIFT_ACTIVE_COMPILATION_CONDITIONS = "DEBUG $(inherited)";
				SWIFT_OPTIMIZATION_LEVEL = "-Onone";
			};
			name = Debug;
		};
		D2A6E7492B9EF02200F38987 /* Release */ = {
			isa = XCBuildConfiguration;
			buildSettings = {
				ALWAYS_SEARCH_USER_PATHS = NO;
				ASSETCATALOG_COMPILER_GENERATE_SWIFT_ASSET_SYMBOL_EXTENSIONS = YES;
				CLANG_ANALYZER_NONNULL = YES;
				CLANG_ANALYZER_NUMBER_OBJECT_CONVERSION = YES_AGGRESSIVE;
				CLANG_CXX_LANGUAGE_STANDARD = "gnu++20";
				CLANG_ENABLE_MODULES = YES;
				CLANG_ENABLE_OBJC_ARC = YES;
				CLANG_ENABLE_OBJC_WEAK = YES;
				CLANG_WARN_BLOCK_CAPTURE_AUTORELEASING = YES;
				CLANG_WARN_BOOL_CONVERSION = YES;
				CLANG_WARN_COMMA = YES;
				CLANG_WARN_CONSTANT_CONVERSION = YES;
				CLANG_WARN_DEPRECATED_OBJC_IMPLEMENTATIONS = YES;
				CLANG_WARN_DIRECT_OBJC_ISA_USAGE = YES_ERROR;
				CLANG_WARN_DOCUMENTATION_COMMENTS = YES;
				CLANG_WARN_EMPTY_BODY = YES;
				CLANG_WARN_ENUM_CONVERSION = YES;
				CLANG_WARN_INFINITE_RECURSION = YES;
				CLANG_WARN_INT_CONVERSION = YES;
				CLANG_WARN_NON_LITERAL_NULL_CONVERSION = YES;
				CLANG_WARN_OBJC_IMPLICIT_RETAIN_SELF = YES;
				CLANG_WARN_OBJC_LITERAL_CONVERSION = YES;
				CLANG_WARN_OBJC_ROOT_CLASS = YES_ERROR;
				CLANG_WARN_QUOTED_INCLUDE_IN_FRAMEWORK_HEADER = YES;
				CLANG_WARN_RANGE_LOOP_ANALYSIS = YES;
				CLANG_WARN_STRICT_PROTOTYPES = YES;
				CLANG_WARN_SUSPICIOUS_MOVE = YES;
				CLANG_WARN_UNGUARDED_AVAILABILITY = YES_AGGRESSIVE;
				CLANG_WARN_UNREACHABLE_CODE = YES;
				CLANG_WARN__DUPLICATE_METHOD_MATCH = YES;
				COPY_PHASE_STRIP = NO;
				DEBUG_INFORMATION_FORMAT = "dwarf-with-dsym";
				ENABLE_NS_ASSERTIONS = NO;
				ENABLE_STRICT_OBJC_MSGSEND = YES;
				ENABLE_USER_SCRIPT_SANDBOXING = YES;
				GCC_C_LANGUAGE_STANDARD = gnu17;
				GCC_NO_COMMON_BLOCKS = YES;
				GCC_WARN_64_TO_32_BIT_CONVERSION = YES;
				GCC_WARN_ABOUT_RETURN_TYPE = YES_ERROR;
				GCC_WARN_UNDECLARED_SELECTOR = YES;
				GCC_WARN_UNINITIALIZED_AUTOS = YES_AGGRESSIVE;
				GCC_WARN_UNUSED_FUNCTION = YES;
				GCC_WARN_UNUSED_VARIABLE = YES;
				IPHONEOS_DEPLOYMENT_TARGET = 17.2;
				LOCALIZATION_PREFERS_STRING_CATALOGS = YES;
				MTL_ENABLE_DEBUG_INFO = NO;
				MTL_FAST_MATH = YES;
				SDKROOT = iphoneos;
				SWIFT_COMPILATION_MODE = wholemodule;
				VALIDATE_PRODUCT = YES;
			};
			name = Release;
		};
		D2A6E74B2B9EF02200F38987 /* Debug */ = {
			isa = XCBuildConfiguration;
			buildSettings = {
				ASSETCATALOG_COMPILER_APPICON_NAME = AppIcon;
				ASSETCATALOG_COMPILER_GLOBAL_ACCENT_COLOR_NAME = AccentColor;
				CODE_SIGN_STYLE = Automatic;
				CURRENT_PROJECT_VERSION = 1;
				GENERATE_INFOPLIST_FILE = YES;
				INFOPLIST_FILE = FuelAndServices/Info.plist;
				INFOPLIST_KEY_UIApplicationSupportsIndirectInputEvents = YES;
				INFOPLIST_KEY_UILaunchStoryboardName = LaunchScreen;
				INFOPLIST_KEY_UISupportedInterfaceOrientations_iPad = "UIInterfaceOrientationPortrait UIInterfaceOrientationPortraitUpsideDown UIInterfaceOrientationLandscapeLeft UIInterfaceOrientationLandscapeRight";
				INFOPLIST_KEY_UISupportedInterfaceOrientations_iPhone = "UIInterfaceOrientationPortrait UIInterfaceOrientationLandscapeLeft UIInterfaceOrientationLandscapeRight";
				LD_RUNPATH_SEARCH_PATHS = (
					"$(inherited)",
					"@executable_path/Frameworks",
				);
				MARKETING_VERSION = 1.0;
				PRODUCT_BUNDLE_IDENTIFIER = Fawaz.FuelAndServices;
				PRODUCT_NAME = "$(TARGET_NAME)";
				SWIFT_EMIT_LOC_STRINGS = YES;
				SWIFT_VERSION = 5.0;
				TARGETED_DEVICE_FAMILY = "1,2";
			};
			name = Debug;
		};
		D2A6E74C2B9EF02200F38987 /* Release */ = {
			isa = XCBuildConfiguration;
			buildSettings = {
				ASSETCATALOG_COMPILER_APPICON_NAME = AppIcon;
				ASSETCATALOG_COMPILER_GLOBAL_ACCENT_COLOR_NAME = AccentColor;
				CODE_SIGN_STYLE = Automatic;
				CURRENT_PROJECT_VERSION = 1;
				GENERATE_INFOPLIST_FILE = YES;
				INFOPLIST_FILE = FuelAndServices/Info.plist;
				INFOPLIST_KEY_UIApplicationSupportsIndirectInputEvents = YES;
				INFOPLIST_KEY_UILaunchStoryboardName = LaunchScreen;
				INFOPLIST_KEY_UISupportedInterfaceOrientations_iPad = "UIInterfaceOrientationPortrait UIInterfaceOrientationPortraitUpsideDown UIInterfaceOrientationLandscapeLeft UIInterfaceOrientationLandscapeRight";
				INFOPLIST_KEY_UISupportedInterfaceOrientations_iPhone = "UIInterfaceOrientationPortrait UIInterfaceOrientationLandscapeLeft UIInterfaceOrientationLandscapeRight";
				LD_RUNPATH_SEARCH_PATHS = (
					"$(inherited)",
					"@executable_path/Frameworks",
				);
				MARKETING_VERSION = 1.0;
				PRODUCT_BUNDLE_IDENTIFIER = Fawaz.FuelAndServices;
				PRODUCT_NAME = "$(TARGET_NAME)";
				SWIFT_EMIT_LOC_STRINGS = YES;
				SWIFT_VERSION = 5.0;
				TARGETED_DEVICE_FAMILY = "1,2";
			};
			name = Release;
		};
/* End XCBuildConfiguration section */

/* Begin XCConfigurationList section */
		D2A6E7312B9EF02100F38987 /* Build configuration list for PBXProject "FuelAndServices" */ = {
			isa = XCConfigurationList;
			buildConfigurations = (
				D2A6E7482B9EF02200F38987 /* Debug */,
				D2A6E7492B9EF02200F38987 /* Release */,
			);
			defaultConfigurationIsVisible = 0;
			defaultConfigurationName = Release;
		};
		D2A6E74A2B9EF02200F38987 /* Build configuration list for PBXNativeTarget "FuelAndServices" */ = {
			isa = XCConfigurationList;
			buildConfigurations = (
				D2A6E74B2B9EF02200F38987 /* Debug */,
				D2A6E74C2B9EF02200F38987 /* Release */,
			);
			defaultConfigurationIsVisible = 0;
			defaultConfigurationName = Release;
		};
/* End XCConfigurationList section */

/* Begin XCRemoteSwiftPackageReference section */
		D2A6E74D2B9EF02D00F38987 /* XCRemoteSwiftPackageReference "SnapKit" */ = {
			isa = XCRemoteSwiftPackageReference;
			repositoryURL = "https://github.com/SnapKit/SnapKit";
			requirement = {
				kind = upToNextMajorVersion;
				minimumVersion = 5.7.1;
			};
		};
		D2A6E7522B9EF03A00F38987 /* XCRemoteSwiftPackageReference "Kingfisher" */ = {
			isa = XCRemoteSwiftPackageReference;
			repositoryURL = "https://github.com/onevcat/Kingfisher";
			requirement = {
				kind = upToNextMajorVersion;
				minimumVersion = 7.11.0;
			};
		};
		D2A6E7552B9EF04500F38987 /* XCRemoteSwiftPackageReference "Eureka" */ = {
			isa = XCRemoteSwiftPackageReference;
			repositoryURL = "https://github.com/xmartlabs/Eureka";
			requirement = {
				kind = upToNextMajorVersion;
				minimumVersion = 5.4.0;
			};
		};
		D2A6E7582B9EF04F00F38987 /* XCRemoteSwiftPackageReference "Alamofire" */ = {
			isa = XCRemoteSwiftPackageReference;
			repositoryURL = "https://github.com/Alamofire/Alamofire";
			requirement = {
				kind = upToNextMajorVersion;
				minimumVersion = 5.9.0;
			};
		};
/* End XCRemoteSwiftPackageReference section */

/* Begin XCSwiftPackageProductDependency section */
		D2A6E74E2B9EF02D00F38987 /* SnapKit */ = {
			isa = XCSwiftPackageProductDependency;
			package = D2A6E74D2B9EF02D00F38987 /* XCRemoteSwiftPackageReference "SnapKit" */;
			productName = SnapKit;
		};
		D2A6E7502B9EF02D00F38987 /* SnapKit-Dynamic */ = {
			isa = XCSwiftPackageProductDependency;
			package = D2A6E74D2B9EF02D00F38987 /* XCRemoteSwiftPackageReference "SnapKit" */;
			productName = "SnapKit-Dynamic";
		};
		D2A6E7532B9EF03A00F38987 /* Kingfisher */ = {
			isa = XCSwiftPackageProductDependency;
			package = D2A6E7522B9EF03A00F38987 /* XCRemoteSwiftPackageReference "Kingfisher" */;
			productName = Kingfisher;
		};
		D2A6E7562B9EF04500F38987 /* Eureka */ = {
			isa = XCSwiftPackageProductDependency;
			package = D2A6E7552B9EF04500F38987 /* XCRemoteSwiftPackageReference "Eureka" */;
			productName = Eureka;
		};
		D2A6E7592B9EF04F00F38987 /* Alamofire */ = {
			isa = XCSwiftPackageProductDependency;
			package = D2A6E7582B9EF04F00F38987 /* XCRemoteSwiftPackageReference "Alamofire" */;
			productName = Alamofire;
		};
		D2A6E75B2B9EF04F00F38987 /* AlamofireDynamic */ = {
			isa = XCSwiftPackageProductDependency;
			package = D2A6E7582B9EF04F00F38987 /* XCRemoteSwiftPackageReference "Alamofire" */;
			productName = AlamofireDynamic;
		};
/* End XCSwiftPackageProductDependency section */
	};
	rootObject = D2A6E72E2B9EF02100F38987 /* Project object */;
}
